
Microsoft Visual Studio Solution File, Format Version 12.00
# Visual Studio 15
Project("{FAE04EC0-301F-11D3-BF4B-00C04F79EFBC}") = "PlaymodeTests", "PlaymodeTests.csproj", "{2A9B7702-15E4-2037-8D14-790257B20DDF}"
EndProject
Global
	GlobalSection(SolutionConfigurationPlatforms) = preSolution
		Debug|Any CPU = Debug|Any CPU
		Release|Any CPU = Release|Any CPU
	EndGlobalSection
	GlobalSection(ProjectConfigurationPlatforms) = postSolution
		{2A9B7702-15E4-2037-8D14-790257B20DDF}.Debug|Any CPU.ActiveCfg = Debug|Any CPU
		{2A9B7702-15E4-2037-8D14-790257B20DDF}.Debug|Any CPU.Build.0 = Debug|Any CPU
		{2A9B7702-15E4-2037-8D14-790257B20DDF}.Release|Any CPU.ActiveCfg = Release|Any CPU
		{2A9B7702-15E4-2037-8D14-790257B20DDF}.Release|Any CPU.Build.0 = Release|Any CPU
	EndGlobalSection
	GlobalSection(SolutionProperties) = preSolution
		HideSolutionNode = FALSE
	EndGlobalSection
EndGlobal
